
Microsoft Visual Studio Solution File, Format Version 12.00
# Visual Studio Version 17
VisualStudioVersion = 17.11.35219.272
MinimumVisualStudioVersion = 10.0.40219.1
Project("{FAE04EC0-301F-11D3-BF4B-00C04F79EFBC}") = "WebFilmOnline", "WebFilmOnline.csproj", "{707E3812-65F3-44D9-92DD-0ACD7E6CBEEE}"
EndProject
Global
	GlobalSection(SolutionConfigurationPlatforms) = preSolution
		Debug|Any CPU = Debug|Any CPU
		Release|Any CPU = Release|Any CPU
	EndGlobalSection
	GlobalSection(ProjectConfigurationPlatforms) = postSolution
		{707E3812-65F3-44D9-92DD-0ACD7E6CBEEE}.Debug|Any CPU.ActiveCfg = Debug|Any CPU
		{707E3812-65F3-44D9-92DD-0ACD7E6CBEEE}.Debug|Any CPU.Build.0 = Debug|Any CPU
		{707E3812-65F3-44D9-92DD-0ACD7E6CBEEE}.Release|Any CPU.ActiveCfg = Release|Any CPU
		{707E3812-65F3-44D9-92DD-0ACD7E6CBEEE}.Release|Any CPU.Build.0 = Release|Any CPU
	EndGlobalSection
	GlobalSection(SolutionProperties) = preSolution
		HideSolutionNode = FALSE
	EndGlobalSection
	GlobalSection(ExtensibilityGlobals) = postSolution
		SolutionGuid = {2A79D272-3FC6-4445-9126-DF9F88E38755}
	EndGlobalSection
EndGlobal
